// !$*UTF8*$!
{
	archiveVersion = 1;
	classes = {
	};
	objectVersion = 51;
	objects = {

/* Begin PBXBuildFile section */
		64601FDE26AF1C670066A7A8 /* AppDelegate.swift in Sources */ = {isa = PBXBuildFile; fileRef = 64601FDD26AF1C670066A7A8 /* AppDelegate.swift */; };
		64601FE226AF1C670066A7A8 /* MainViewController.swift in Sources */ = {isa = PBXBuildFile; fileRef = 64601FE126AF1C670066A7A8 /* MainViewController.swift */; };
		64601FE726AF1C670066A7A8 /* Assets.xcassets in Resources */ = {isa = PBXBuildFile; fileRef = 64601FE626AF1C670066A7A8 /* Assets.xcassets */; };
		64601FEA26AF1C670066A7A8 /* LaunchScreen.storyboard in Resources */ = {isa = PBXBuildFile; fileRef = 64601FE826AF1C670066A7A8 /* LaunchScreen.storyboard */; };
		6460201026AFE34A0066A7A8 /* MainViewController.xib in Resources */ = {isa = PBXBuildFile; fileRef = 6460200F26AFE34A0066A7A8 /* MainViewController.xib */; };
		6460201226AFFC750066A7A8 /* CLPlacemark.swift in Sources */ = {isa = PBXBuildFile; fileRef = 6460201126AFFC750066A7A8 /* CLPlacemark.swift */; };
		6460201926B00E1D0066A7A8 /* APIConfiguration.swift in Sources */ = {isa = PBXBuildFile; fileRef = 6460201526B00E1D0066A7A8 /* APIConfiguration.swift */; };
		6460201A26B00E1D0066A7A8 /* NetworkConstants.swift in Sources */ = {isa = PBXBuildFile; fileRef = 6460201626B00E1D0066A7A8 /* NetworkConstants.swift */; };
		6460201B26B00E1D0066A7A8 /* EndpointsConfiguration.swift in Sources */ = {isa = PBXBuildFile; fileRef = 6460201726B00E1D0066A7A8 /* EndpointsConfiguration.swift */; };
		6460201D26B048770066A7A8 /* WeatherApiModels.swift in Sources */ = {isa = PBXBuildFile; fileRef = 6460201C26B048770066A7A8 /* WeatherApiModels.swift */; };
		6460202026B04B390066A7A8 /* WeatherViewModel.swift in Sources */ = {isa = PBXBuildFile; fileRef = 6460201F26B04B390066A7A8 /* WeatherViewModel.swift */; };
		6460202326B130CD0066A7A8 /* Constants.swift in Sources */ = {isa = PBXBuildFile; fileRef = 6460202226B130CD0066A7A8 /* Constants.swift */; };
		6460202526B131360066A7A8 /* BinaryFloatingPoint.swift in Sources */ = {isa = PBXBuildFile; fileRef = 6460202426B131360066A7A8 /* BinaryFloatingPoint.swift */; };
		6460202726B1315B0066A7A8 /* Double.swift in Sources */ = {isa = PBXBuildFile; fileRef = 6460202626B1315B0066A7A8 /* Double.swift */; };
		6460202926B131710066A7A8 /* CLLocation.swift in Sources */ = {isa = PBXBuildFile; fileRef = 6460202826B131710066A7A8 /* CLLocation.swift */; };
		6460202B26B131920066A7A8 /* String.swift in Sources */ = {isa = PBXBuildFile; fileRef = 6460202A26B131920066A7A8 /* String.swift */; };
		6460202D26B131F50066A7A8 /* ImageView.swift in Sources */ = {isa = PBXBuildFile; fileRef = 6460202C26B131F50066A7A8 /* ImageView.swift */; };
		6460203026B133930066A7A8 /* WeatherView.swift in Sources */ = {isa = PBXBuildFile; fileRef = 6460202F26B133930066A7A8 /* WeatherView.swift */; };
		6460203226B1400F0066A7A8 /* LocationView.swift in Sources */ = {isa = PBXBuildFile; fileRef = 6460203126B1400F0066A7A8 /* LocationView.swift */; };
		6460203426B145580066A7A8 /* ChangeableColorProtocol.swift in Sources */ = {isa = PBXBuildFile; fileRef = 6460203326B145580066A7A8 /* ChangeableColorProtocol.swift */; };
		6499510B26B28B890096ABB2 /* MapView.swift in Sources */ = {isa = PBXBuildFile; fileRef = 6499510A26B28B890096ABB2 /* MapView.swift */; };
		6FF0EF8BBC67083CB7A91096 /* Pods_WeatherChallenge.framework in Frameworks */ = {isa = PBXBuildFile; fileRef = E7911AB4D9D0BBC3404B9017 /* Pods_WeatherChallenge.framework */; };
/* End PBXBuildFile section */

/* Begin PBXFileReference section */
		15594F6259FC1DCD0105BE55 /* Pods-WeatherChallenge.release.xcconfig */ = {isa = PBXFileReference; includeInIndex = 1; lastKnownFileType = text.xcconfig; name = "Pods-WeatherChallenge.release.xcconfig"; path = "Target Support Files/Pods-WeatherChallenge/Pods-WeatherChallenge.release.xcconfig"; sourceTree = "<group>"; };
		1E04D286BD858F8EFD6A0F36 /* Pods-WeatherChallengeTests.release.xcconfig */ = {isa = PBXFileReference; includeInIndex = 1; lastKnownFileType = text.xcconfig; name = "Pods-WeatherChallengeTests.release.xcconfig"; path = "Target Support Files/Pods-WeatherChallengeTests/Pods-WeatherChallengeTests.release.xcconfig"; sourceTree = "<group>"; };
		339B59C797E9E48197CC8D1E /* Pods_WeatherChallengeTests.framework */ = {isa = PBXFileReference; explicitFileType = wrapper.framework; includeInIndex = 0; path = Pods_WeatherChallengeTests.framework; sourceTree = BUILT_PRODUCTS_DIR; };
		3DF664521612DCF97C32A5EE /* Pods-WeatherChallenge-WeatherChallengeUITests.debug.xcconfig */ = {isa = PBXFileReference; includeInIndex = 1; lastKnownFileType = text.xcconfig; name = "Pods-WeatherChallenge-WeatherChallengeUITests.debug.xcconfig"; path = "Target Support Files/Pods-WeatherChallenge-WeatherChallengeUITests/Pods-WeatherChallenge-WeatherChallengeUITests.debug.xcconfig"; sourceTree = "<group>"; };
		64601FDA26AF1C670066A7A8 /* WeatherChallenge.app */ = {isa = PBXFileReference; explicitFileType = wrapper.application; includeInIndex = 0; path = WeatherChallenge.app; sourceTree = BUILT_PRODUCTS_DIR; };
		64601FDD26AF1C670066A7A8 /* AppDelegate.swift */ = {isa = PBXFileReference; lastKnownFileType = sourcecode.swift; path = AppDelegate.swift; sourceTree = "<group>"; };
		64601FE126AF1C670066A7A8 /* MainViewController.swift */ = {isa = PBXFileReference; lastKnownFileType = sourcecode.swift; path = MainViewController.swift; sourceTree = "<group>"; };
		64601FE626AF1C670066A7A8 /* Assets.xcassets */ = {isa = PBXFileReference; lastKnownFileType = folder.assetcatalog; path = Assets.xcassets; sourceTree = "<group>"; };
		64601FE926AF1C670066A7A8 /* Base */ = {isa = PBXFileReference; lastKnownFileType = file.storyboard; name = Base; path = Base.lproj/LaunchScreen.storyboard; sourceTree = "<group>"; };
		64601FEB26AF1C670066A7A8 /* Info.plist */ = {isa = PBXFileReference; lastKnownFileType = text.plist.xml; path = Info.plist; sourceTree = "<group>"; };
		6460200F26AFE34A0066A7A8 /* MainViewController.xib */ = {isa = PBXFileReference; lastKnownFileType = file.xib; path = MainViewController.xib; sourceTree = "<group>"; };
		6460201126AFFC750066A7A8 /* CLPlacemark.swift */ = {isa = PBXFileReference; lastKnownFileType = sourcecode.swift; path = CLPlacemark.swift; sourceTree = "<group>"; };
		6460201526B00E1D0066A7A8 /* APIConfiguration.swift */ = {isa = PBXFileReference; fileEncoding = 4; lastKnownFileType = sourcecode.swift; path = APIConfiguration.swift; sourceTree = "<group>"; };
		6460201626B00E1D0066A7A8 /* NetworkConstants.swift */ = {isa = PBXFileReference; fileEncoding = 4; lastKnownFileType = sourcecode.swift; path = NetworkConstants.swift; sourceTree = "<group>"; };
		6460201726B00E1D0066A7A8 /* EndpointsConfiguration.swift */ = {isa = PBXFileReference; fileEncoding = 4; lastKnownFileType = sourcecode.swift; path = EndpointsConfiguration.swift; sourceTree = "<group>"; };
		6460201C26B048770066A7A8 /* WeatherApiModels.swift */ = {isa = PBXFileReference; lastKnownFileType = sourcecode.swift; path = WeatherApiModels.swift; sourceTree = "<group>"; };
		6460201F26B04B390066A7A8 /* WeatherViewModel.swift */ = {isa = PBXFileReference; lastKnownFileType = sourcecode.swift; path = WeatherViewModel.swift; sourceTree = "<group>"; };
		6460202226B130CD0066A7A8 /* Constants.swift */ = {isa = PBXFileReference; lastKnownFileType = sourcecode.swift; path = Constants.swift; sourceTree = "<group>"; };
		6460202426B131360066A7A8 /* BinaryFloatingPoint.swift */ = {isa = PBXFileReference; lastKnownFileType = sourcecode.swift; path = BinaryFloatingPoint.swift; sourceTree = "<group>"; };
		6460202626B1315B0066A7A8 /* Double.swift */ = {isa = PBXFileReference; lastKnownFileType = sourcecode.swift; path = Double.swift; sourceTree = "<group>"; };
		6460202826B131710066A7A8 /* CLLocation.swift */ = {isa = PBXFileReference; lastKnownFileType = sourcecode.swift; path = CLLocation.swift; sourceTree = "<group>"; };
		6460202A26B131920066A7A8 /* String.swift */ = {isa = PBXFileReference; lastKnownFileType = sourcecode.swift; path = String.swift; sourceTree = "<group>"; };
		6460202C26B131F50066A7A8 /* ImageView.swift */ = {isa = PBXFileReference; lastKnownFileType = sourcecode.swift; path = ImageView.swift; sourceTree = "<group>"; };
		6460202F26B133930066A7A8 /* WeatherView.swift */ = {isa = PBXFileReference; lastKnownFileType = sourcecode.swift; path = WeatherView.swift; sourceTree = "<group>"; };
		6460203126B1400F0066A7A8 /* LocationView.swift */ = {isa = PBXFileReference; lastKnownFileType = sourcecode.swift; path = LocationView.swift; sourceTree = "<group>"; };
		6460203326B145580066A7A8 /* ChangeableColorProtocol.swift */ = {isa = PBXFileReference; lastKnownFileType = sourcecode.swift; path = ChangeableColorProtocol.swift; sourceTree = "<group>"; };
		6499510A26B28B890096ABB2 /* MapView.swift */ = {isa = PBXFileReference; lastKnownFileType = sourcecode.swift; path = MapView.swift; sourceTree = "<group>"; };
		A075A0BD7AF80F5D0F6D0444 /* Pods-WeatherChallenge.debug.xcconfig */ = {isa = PBXFileReference; includeInIndex = 1; lastKnownFileType = text.xcconfig; name = "Pods-WeatherChallenge.debug.xcconfig"; path = "Target Support Files/Pods-WeatherChallenge/Pods-WeatherChallenge.debug.xcconfig"; sourceTree = "<group>"; };
		A590FFB7E32AD9B5A33406AC /* Pods-WeatherChallenge-WeatherChallengeUITests.release.xcconfig */ = {isa = PBXFileReference; includeInIndex = 1; lastKnownFileType = text.xcconfig; name = "Pods-WeatherChallenge-WeatherChallengeUITests.release.xcconfig"; path = "Target Support Files/Pods-WeatherChallenge-WeatherChallengeUITests/Pods-WeatherChallenge-WeatherChallengeUITests.release.xcconfig"; sourceTree = "<group>"; };
		BD099539F4F6539889FA200A /* Pods-WeatherChallengeTests.debug.xcconfig */ = {isa = PBXFileReference; includeInIndex = 1; lastKnownFileType = text.xcconfig; name = "Pods-WeatherChallengeTests.debug.xcconfig"; path = "Target Support Files/Pods-WeatherChallengeTests/Pods-WeatherChallengeTests.debug.xcconfig"; sourceTree = "<group>"; };
		D84031D1603A7D76024529AC /* Pods_WeatherChallenge_WeatherChallengeUITests.framework */ = {isa = PBXFileReference; explicitFileType = wrapper.framework; includeInIndex = 0; path = Pods_WeatherChallenge_WeatherChallengeUITests.framework; sourceTree = BUILT_PRODUCTS_DIR; };
		E7911AB4D9D0BBC3404B9017 /* Pods_WeatherChallenge.framework */ = {isa = PBXFileReference; explicitFileType = wrapper.framework; includeInIndex = 0; path = Pods_WeatherChallenge.framework; sourceTree = BUILT_PRODUCTS_DIR; };
/* End PBXFileReference section */

/* Begin PBXFrameworksBuildPhase section */
		64601FD726AF1C670066A7A8 /* Frameworks */ = {
			isa = PBXFrameworksBuildPhase;
			buildActionMask = 2147483647;
			files = (
				6FF0EF8BBC67083CB7A91096 /* Pods_WeatherChallenge.framework in Frameworks */,
			);
			runOnlyForDeploymentPostprocessing = 0;
		};
/* End PBXFrameworksBuildPhase section */

/* Begin PBXGroup section */
		64601FD126AF1C660066A7A8 = {
			isa = PBXGroup;
			children = (
				64601FDC26AF1C670066A7A8 /* WeatherChallenge */,
				64601FDB26AF1C670066A7A8 /* Products */,
				86FBDC5E41BDCD8580145AE6 /* Pods */,
				7D352CBDB3A059DF6C6AF39C /* Frameworks */,
			);
			sourceTree = "<group>";
		};
		64601FDB26AF1C670066A7A8 /* Products */ = {
			isa = PBXGroup;
			children = (
				64601FDA26AF1C670066A7A8 /* WeatherChallenge.app */,
			);
			name = Products;
			sourceTree = "<group>";
		};
		64601FDC26AF1C670066A7A8 /* WeatherChallenge */ = {
			isa = PBXGroup;
			children = (
				6460200E26AFE3350066A7A8 /* Controllers */,
				6460201E26B04B2C0066A7A8 /* Models */,
				6460201326B00DF70066A7A8 /* NetworkLayer */,
				6460200D26AFDED50066A7A8 /* Support */,
				6460202126B130BD0066A7A8 /* Utils */,
				6460202E26B132F20066A7A8 /* Views */,
			);
			path = WeatherChallenge;
			sourceTree = "<group>";
		};
		6460200D26AFDED50066A7A8 /* Support */ = {
			isa = PBXGroup;
			children = (
				64601FE826AF1C670066A7A8 /* LaunchScreen.storyboard */,
				64601FEB26AF1C670066A7A8 /* Info.plist */,
				64601FE626AF1C670066A7A8 /* Assets.xcassets */,
				64601FDD26AF1C670066A7A8 /* AppDelegate.swift */,
			);
			path = Support;
			sourceTree = "<group>";
		};
		6460200E26AFE3350066A7A8 /* Controllers */ = {
			isa = PBXGroup;
			children = (
				64601FE126AF1C670066A7A8 /* MainViewController.swift */,
				6460200F26AFE34A0066A7A8 /* MainViewController.xib */,
			);
			path = Controllers;
			sourceTree = "<group>";
		};
		6460201326B00DF70066A7A8 /* NetworkLayer */ = {
			isa = PBXGroup;
			children = (
				6460201526B00E1D0066A7A8 /* APIConfiguration.swift */,
				6460201726B00E1D0066A7A8 /* EndpointsConfiguration.swift */,
				6460201626B00E1D0066A7A8 /* NetworkConstants.swift */,
			);
			path = NetworkLayer;
			sourceTree = "<group>";
		};
		6460201E26B04B2C0066A7A8 /* Models */ = {
			isa = PBXGroup;
			children = (
				6460201C26B048770066A7A8 /* WeatherApiModels.swift */,
				6460201F26B04B390066A7A8 /* WeatherViewModel.swift */,
			);
			path = Models;
			sourceTree = "<group>";
		};
		6460202126B130BD0066A7A8 /* Utils */ = {
			isa = PBXGroup;
			children = (
				6460202426B131360066A7A8 /* BinaryFloatingPoint.swift */,
				6460203326B145580066A7A8 /* ChangeableColorProtocol.swift */,
				6460202826B131710066A7A8 /* CLLocation.swift */,
				6460201126AFFC750066A7A8 /* CLPlacemark.swift */,
				6460202226B130CD0066A7A8 /* Constants.swift */,
				6460202626B1315B0066A7A8 /* Double.swift */,
				6460202C26B131F50066A7A8 /* ImageView.swift */,
				6460202A26B131920066A7A8 /* String.swift */,
			);
			path = Utils;
			sourceTree = "<group>";
		};
		6460202E26B132F20066A7A8 /* Views */ = {
			isa = PBXGroup;
			children = (
				6460202F26B133930066A7A8 /* WeatherView.swift */,
				6460203126B1400F0066A7A8 /* LocationView.swift */,
				6499510A26B28B890096ABB2 /* MapView.swift */,
			);
			path = Views;
			sourceTree = "<group>";
		};
		7D352CBDB3A059DF6C6AF39C /* Frameworks */ = {
			isa = PBXGroup;
			children = (
				E7911AB4D9D0BBC3404B9017 /* Pods_WeatherChallenge.framework */,
				D84031D1603A7D76024529AC /* Pods_WeatherChallenge_WeatherChallengeUITests.framework */,
				339B59C797E9E48197CC8D1E /* Pods_WeatherChallengeTests.framework */,
			);
			name = Frameworks;
			sourceTree = "<group>";
		};
		86FBDC5E41BDCD8580145AE6 /* Pods */ = {
			isa = PBXGroup;
			children = (
				A075A0BD7AF80F5D0F6D0444 /* Pods-WeatherChallenge.debug.xcconfig */,
				15594F6259FC1DCD0105BE55 /* Pods-WeatherChallenge.release.xcconfig */,
				3DF664521612DCF97C32A5EE /* Pods-WeatherChallenge-WeatherChallengeUITests.debug.xcconfig */,
				A590FFB7E32AD9B5A33406AC /* Pods-WeatherChallenge-WeatherChallengeUITests.release.xcconfig */,
				BD099539F4F6539889FA200A /* Pods-WeatherChallengeTests.debug.xcconfig */,
				1E04D286BD858F8EFD6A0F36 /* Pods-WeatherChallengeTests.release.xcconfig */,
			);
			path = Pods;
			sourceTree = "<group>";
		};
/* End PBXGroup section */

/* Begin PBXNativeTarget section */
		64601FD926AF1C670066A7A8 /* WeatherChallenge */ = {
			isa = PBXNativeTarget;
			buildConfigurationList = 6460200426AF1C680066A7A8 /* Build configuration list for PBXNativeTarget "WeatherChallenge" */;
			buildPhases = (
				7E3B522AE722F0D4FE252B37 /* [CP] Check Pods Manifest.lock */,
				64601FD626AF1C670066A7A8 /* Sources */,
				64601FD726AF1C670066A7A8 /* Frameworks */,
				64601FD826AF1C670066A7A8 /* Resources */,
				528986DE2B47F8BD93EA1699 /* [CP] Embed Pods Frameworks */,
			);
			buildRules = (
			);
			dependencies = (
			);
			name = WeatherChallenge;
			productName = WeatherChallenge;
			productReference = 64601FDA26AF1C670066A7A8 /* WeatherChallenge.app */;
			productType = "com.apple.product-type.application";
		};
/* End PBXNativeTarget section */

/* Begin PBXProject section */
		64601FD226AF1C660066A7A8 /* Project object */ = {
			isa = PBXProject;
			attributes = {
				LastSwiftUpdateCheck = 1250;
				LastUpgradeCheck = 1250;
				TargetAttributes = {
					64601FD926AF1C670066A7A8 = {
						CreatedOnToolsVersion = 12.5.1;
					};
				};
			};
			buildConfigurationList = 64601FD526AF1C660066A7A8 /* Build configuration list for PBXProject "WeatherChallenge" */;
			compatibilityVersion = "Xcode 9.3";
			developmentRegion = en;
			hasScannedForEncodings = 0;
			knownRegions = (
				en,
				Base,
			);
			mainGroup = 64601FD126AF1C660066A7A8;
			productRefGroup = 64601FDB26AF1C670066A7A8 /* Products */;
			projectDirPath = "";
			projectRoot = "";
			targets = (
				64601FD926AF1C670066A7A8 /* WeatherChallenge */,
			);
		};
/* End PBXProject section */

/* Begin PBXResourcesBuildPhase section */
		64601FD826AF1C670066A7A8 /* Resources */ = {
			isa = PBXResourcesBuildPhase;
			buildActionMask = 2147483647;
			files = (
				64601FEA26AF1C670066A7A8 /* LaunchScreen.storyboard in Resources */,
				6460201026AFE34A0066A7A8 /* MainViewController.xib in Resources */,
				64601FE726AF1C670066A7A8 /* Assets.xcassets in Resources */,
			);
			runOnlyForDeploymentPostprocessing = 0;
		};
/* End PBXResourcesBuildPhase section */

/* Begin PBXShellScriptBuildPhase section */
		528986DE2B47F8BD93EA1699 /* [CP] Embed Pods Frameworks */ = {
			isa = PBXShellScriptBuildPhase;
			buildActionMask = 2147483647;
			files = (
			);
			inputFileListPaths = (
				"${PODS_ROOT}/Target Support Files/Pods-WeatherChallenge/Pods-WeatherChallenge-frameworks-${CONFIGURATION}-input-files.xcfilelist",
			);
			name = "[CP] Embed Pods Frameworks";
			outputFileListPaths = (
				"${PODS_ROOT}/Target Support Files/Pods-WeatherChallenge/Pods-WeatherChallenge-frameworks-${CONFIGURATION}-output-files.xcfilelist",
			);
			runOnlyForDeploymentPostprocessing = 0;
			shellPath = /bin/sh;
			shellScript = "\"${PODS_ROOT}/Target Support Files/Pods-WeatherChallenge/Pods-WeatherChallenge-frameworks.sh\"\n";
			showEnvVarsInLog = 0;
		};
		7E3B522AE722F0D4FE252B37 /* [CP] Check Pods Manifest.lock */ = {
			isa = PBXShellScriptBuildPhase;
			buildActionMask = 2147483647;
			files = (
			);
			inputFileListPaths = (
			);
			inputPaths = (
				"${PODS_PODFILE_DIR_PATH}/Podfile.lock",
				"${PODS_ROOT}/Manifest.lock",
			);
			name = "[CP] Check Pods Manifest.lock";
			outputFileListPaths = (
			);
			outputPaths = (
				"$(DERIVED_FILE_DIR)/Pods-WeatherChallenge-checkManifestLockResult.txt",
			);
			runOnlyForDeploymentPostprocessing = 0;
			shellPath = /bin/sh;
			shellScript = "diff \"${PODS_PODFILE_DIR_PATH}/Podfile.lock\" \"${PODS_ROOT}/Manifest.lock\" > /dev/null\nif [ $? != 0 ] ; then\n    # print error to STDERR\n    echo \"error: The sandbox is not in sync with the Podfile.lock. Run 'pod install' or update your CocoaPods installation.\" >&2\n    exit 1\nfi\n# This output is used by Xcode 'outputs' to avoid re-running this script phase.\necho \"SUCCESS\" > \"${SCRIPT_OUTPUT_FILE_0}\"\n";
			showEnvVarsInLog = 0;
		};
/* End PBXShellScriptBuildPhase section */

/* Begin PBXSourcesBuildPhase section */
		64601FD626AF1C670066A7A8 /* Sources */ = {
			isa = PBXSourcesBuildPhase;
			buildActionMask = 2147483647;
			files = (
				6460203026B133930066A7A8 /* WeatherView.swift in Sources */,
				6460203226B1400F0066A7A8 /* LocationView.swift in Sources */,
				6460201A26B00E1D0066A7A8 /* NetworkConstants.swift in Sources */,
				64601FE226AF1C670066A7A8 /* MainViewController.swift in Sources */,
				6460201226AFFC750066A7A8 /* CLPlacemark.swift in Sources */,
				6460202526B131360066A7A8 /* BinaryFloatingPoint.swift in Sources */,
				6460201B26B00E1D0066A7A8 /* EndpointsConfiguration.swift in Sources */,
				6460201926B00E1D0066A7A8 /* APIConfiguration.swift in Sources */,
				6460202926B131710066A7A8 /* CLLocation.swift in Sources */,
				6460202B26B131920066A7A8 /* String.swift in Sources */,
				6460203426B145580066A7A8 /* ChangeableColorProtocol.swift in Sources */,
				6460202026B04B390066A7A8 /* WeatherViewModel.swift in Sources */,
				64601FDE26AF1C670066A7A8 /* AppDelegate.swift in Sources */,
				6460201D26B048770066A7A8 /* WeatherApiModels.swift in Sources */,
				6460202726B1315B0066A7A8 /* Double.swift in Sources */,
				6460202D26B131F50066A7A8 /* ImageView.swift in Sources */,
				6499510B26B28B890096ABB2 /* MapView.swift in Sources */,
				6460202326B130CD0066A7A8 /* Constants.swift in Sources */,
			);
			runOnlyForDeploymentPostprocessing = 0;
		};
/* End PBXSourcesBuildPhase section */

/* Begin PBXVariantGroup section */
		64601FE826AF1C670066A7A8 /* LaunchScreen.storyboard */ = {
			isa = PBXVariantGroup;
			children = (
				64601FE926AF1C670066A7A8 /* Base */,
			);
			name = LaunchScreen.storyboard;
			sourceTree = "<group>";
		};
/* End PBXVariantGroup section */

/* Begin XCBuildConfiguration section */
		6460200226AF1C680066A7A8 /* Debug */ = {
			isa = XCBuildConfiguration;
			buildSettings = {
				ALWAYS_SEARCH_USER_PATHS = NO;
				CLANG_ANALYZER_NONNULL = YES;
				CLANG_ANALYZER_NUMBER_OBJECT_CONVERSION = YES_AGGRESSIVE;
				CLANG_CXX_LANGUAGE_STANDARD = "gnu++14";
				CLANG_CXX_LIBRARY = "libc++";
				CLANG_ENABLE_MODULES = YES;
				CLANG_ENABLE_OBJC_ARC = YES;
				CLANG_ENABLE_OBJC_WEAK = YES;
				CLANG_WARN_BLOCK_CAPTURE_AUTORELEASING = YES;
				CLANG_WARN_BOOL_CONVERSION = YES;
				CLANG_WARN_COMMA = YES;
				CLANG_WARN_CONSTANT_CONVERSION = YES;
				CLANG_WARN_DEPRECATED_OBJC_IMPLEMENTATIONS = YES;
				CLANG_WARN_DIRECT_OBJC_ISA_USAGE = YES_ERROR;
				CLANG_WARN_DOCUMENTATION_COMMENTS = YES;
				CLANG_WARN_EMPTY_BODY = YES;
				CLANG_WARN_ENUM_CONVERSION = YES;
				CLANG_WARN_INFINITE_RECURSION = YES;
				CLANG_WARN_INT_CONVERSION = YES;
				CLANG_WARN_NON_LITERAL_NULL_CONVERSION = YES;
				CLANG_WARN_OBJC_IMPLICIT_RETAIN_SELF = YES;
				CLANG_WARN_OBJC_LITERAL_CONVERSION = YES;
				CLANG_WARN_OBJC_ROOT_CLASS = YES_ERROR;
				CLANG_WARN_QUOTED_INCLUDE_IN_FRAMEWORK_HEADER = YES;
				CLANG_WARN_RANGE_LOOP_ANALYSIS = YES;
				CLANG_WARN_STRICT_PROTOTYPES = YES;
				CLANG_WARN_SUSPICIOUS_MOVE = YES;
				CLANG_WARN_UNGUARDED_AVAILABILITY = YES_AGGRESSIVE;
				CLANG_WARN_UNREACHABLE_CODE = YES;
				CLANG_WARN__DUPLICATE_METHOD_MATCH = YES;
				COPY_PHASE_STRIP = NO;
				DEBUG_INFORMATION_FORMAT = dwarf;
				ENABLE_STRICT_OBJC_MSGSEND = YES;
				ENABLE_TESTABILITY = YES;
				GCC_C_LANGUAGE_STANDARD = gnu11;
				GCC_DYNAMIC_NO_PIC = NO;
				GCC_NO_COMMON_BLOCKS = YES;
				GCC_OPTIMIZATION_LEVEL = 0;
				GCC_PREPROCESSOR_DEFINITIONS = (
					"DEBUG=1",
					"$(inherited)",
				);
				GCC_WARN_64_TO_32_BIT_CONVERSION = YES;
				GCC_WARN_ABOUT_RETURN_TYPE = YES_ERROR;
				GCC_WARN_UNDECLARED_SELECTOR = YES;
				GCC_WARN_UNINITIALIZED_AUTOS = YES_AGGRESSIVE;
				GCC_WARN_UNUSED_FUNCTION = YES;
				GCC_WARN_UNUSED_VARIABLE = YES;
				IPHONEOS_DEPLOYMENT_TARGET = 13.0;
				MTL_ENABLE_DEBUG_INFO = INCLUDE_SOURCE;
				MTL_FAST_MATH = YES;
				ONLY_ACTIVE_ARCH = YES;
				SDKROOT = iphoneos;
				SWIFT_ACTIVE_COMPILATION_CONDITIONS = DEBUG;
				SWIFT_OPTIMIZATION_LEVEL = "-Onone";
			};
			name = Debug;
		};
		6460200326AF1C680066A7A8 /* Release */ = {
			isa = XCBuildConfiguration;
			buildSettings = {
				ALWAYS_SEARCH_USER_PATHS = NO;
				CLANG_ANALYZER_NONNULL = YES;
				CLANG_ANALYZER_NUMBER_OBJECT_CONVERSION = YES_AGGRESSIVE;
				CLANG_CXX_LANGUAGE_STANDARD = "gnu++14";
				CLANG_CXX_LIBRARY = "libc++";
				CLANG_ENABLE_MODULES = YES;
				CLANG_ENABLE_OBJC_ARC = YES;
				CLANG_ENABLE_OBJC_WEAK = YES;
				CLANG_WARN_BLOCK_CAPTURE_AUTORELEASING = YES;
				CLANG_WARN_BOOL_CONVERSION = YES;
				CLANG_WARN_COMMA = YES;
				CLANG_WARN_CONSTANT_CONVERSION = YES;
				CLANG_WARN_DEPRECATED_OBJC_IMPLEMENTATIONS = YES;
				CLANG_WARN_DIRECT_OBJC_ISA_USAGE = YES_ERROR;
				CLANG_WARN_DOCUMENTATION_COMMENTS = YES;
				CLANG_WARN_EMPTY_BODY = YES;
				CLANG_WARN_ENUM_CONVERSION = YES;
				CLANG_WARN_INFINITE_RECURSION = YES;
				CLANG_WARN_INT_CONVERSION = YES;
				CLANG_WARN_NON_LITERAL_NULL_CONVERSION = YES;
				CLANG_WARN_OBJC_IMPLICIT_RETAIN_SELF = YES;
				CLANG_WARN_OBJC_LITERAL_CONVERSION = YES;
				CLANG_WARN_OBJC_ROOT_CLASS = YES_ERROR;
				CLANG_WARN_QUOTED_INCLUDE_IN_FRAMEWORK_HEADER = YES;
				CLANG_WARN_RANGE_LOOP_ANALYSIS = YES;
				CLANG_WARN_STRICT_PROTOTYPES = YES;
				CLANG_WARN_SUSPICIOUS_MOVE = YES;
				CLANG_WARN_UNGUARDED_AVAILABILITY = YES_AGGRESSIVE;
				CLANG_WARN_UNREACHABLE_CODE = YES;
				CLANG_WARN__DUPLICATE_METHOD_MATCH = YES;
				COPY_PHASE_STRIP = NO;
				DEBUG_INFORMATION_FORMAT = "dwarf-with-dsym";
				ENABLE_NS_ASSERTIONS = NO;
				ENABLE_STRICT_OBJC_MSGSEND = YES;
				GCC_C_LANGUAGE_STANDARD = gnu11;
				GCC_NO_COMMON_BLOCKS = YES;
				GCC_WARN_64_TO_32_BIT_CONVERSION = YES;
				GCC_WARN_ABOUT_RETURN_TYPE = YES_ERROR;
				GCC_WARN_UNDECLARED_SELECTOR = YES;
				GCC_WARN_UNINITIALIZED_AUTOS = YES_AGGRESSIVE;
				GCC_WARN_UNUSED_FUNCTION = YES;
				GCC_WARN_UNUSED_VARIABLE = YES;
				IPHONEOS_DEPLOYMENT_TARGET = 13.0;
				MTL_ENABLE_DEBUG_INFO = NO;
				MTL_FAST_MATH = YES;
				SDKROOT = iphoneos;
				SWIFT_COMPILATION_MODE = wholemodule;
				SWIFT_OPTIMIZATION_LEVEL = "-O";
				VALIDATE_PRODUCT = YES;
			};
			name = Release;
		};
		6460200526AF1C680066A7A8 /* Debug */ = {
			isa = XCBuildConfiguration;
			baseConfigurationReference = A075A0BD7AF80F5D0F6D0444 /* Pods-WeatherChallenge.debug.xcconfig */;
			buildSettings = {
				ASSETCATALOG_COMPILER_APPICON_NAME = AppIcon;
				ASSETCATALOG_COMPILER_GLOBAL_ACCENT_COLOR_NAME = AccentColor;
				CODE_SIGN_STYLE = Automatic;
				DEVELOPMENT_TEAM = E4FS2YTF43;
				INFOPLIST_FILE = WeatherChallenge/Support/Info.plist;
				IPHONEOS_DEPLOYMENT_TARGET = 13.0;
				LD_RUNPATH_SEARCH_PATHS = (
					"$(inherited)",
					"@executable_path/Frameworks",
				);
				PRODUCT_BUNDLE_IDENTIFIER = com.franciscocantos.WeatherChallenge;
				PRODUCT_NAME = "$(TARGET_NAME)";
				SWIFT_VERSION = 5.0;
				TARGETED_DEVICE_FAMILY = 1;
			};
			name = Debug;
		};
		6460200626AF1C680066A7A8 /* Release */ = {
			isa = XCBuildConfiguration;
			baseConfigurationReference = 15594F6259FC1DCD0105BE55 /* Pods-WeatherChallenge.release.xcconfig */;
			buildSettings = {
				ASSETCATALOG_COMPILER_APPICON_NAME = AppIcon;
				ASSETCATALOG_COMPILER_GLOBAL_ACCENT_COLOR_NAME = AccentColor;
				CODE_SIGN_STYLE = Automatic;
				DEVELOPMENT_TEAM = E4FS2YTF43;
				INFOPLIST_FILE = WeatherChallenge/Support/Info.plist;
				IPHONEOS_DEPLOYMENT_TARGET = 13.0;
				LD_RUNPATH_SEARCH_PATHS = (
					"$(inherited)",
					"@executable_path/Frameworks",
				);
				PRODUCT_BUNDLE_IDENTIFIER = com.franciscocantos.WeatherChallenge;
				PRODUCT_NAME = "$(TARGET_NAME)";
				SWIFT_VERSION = 5.0;
				TARGETED_DEVICE_FAMILY = 1;
			};
			name = Release;
		};
/* End XCBuildConfiguration section */

/* Begin XCConfigurationList section */
		64601FD526AF1C660066A7A8 /* Build configuration list for PBXProject "WeatherChallenge" */ = {
			isa = XCConfigurationList;
			buildConfigurations = (
				6460200226AF1C680066A7A8 /* Debug */,
				6460200326AF1C680066A7A8 /* Release */,
			);
			defaultConfigurationIsVisible = 0;
			defaultConfigurationName = Release;
		};
		6460200426AF1C680066A7A8 /* Build configuration list for PBXNativeTarget "WeatherChallenge" */ = {
			isa = XCConfigurationList;
			buildConfigurations = (
				6460200526AF1C680066A7A8 /* Debug */,
				6460200626AF1C680066A7A8 /* Release */,
			);
			defaultConfigurationIsVisible = 0;
			defaultConfigurationName = Release;
		};
/* End XCConfigurationList section */
	};
	rootObject = 64601FD226AF1C660066A7A8 /* Project object */;
}
